
Microsoft Visual Studio Solution File, Format Version 12.00
# Visual Studio Version 17
VisualStudioVersion = 17.0.31903.59
MinimumVisualStudioVersion = 10.0.40219.1
Project("{FAE04EC0-301F-11D3-BF4B-00C04F79EFBC}") = "source", "source\source.csproj", "{3E8162C6-C169-40FF-BD11-A1CAAE758A9F}"
EndProject
Project("{FAE04EC0-301F-11D3-BF4B-00C04F79EFBC}") = "api", "api\api.csproj", "{FE4C84EC-7B53-4587-A484-20C6B8E8702C}"
EndProject
Global
	GlobalSection(SolutionConfigurationPlatforms) = preSolution
		Debug|Any CPU = Debug|Any CPU
		Release|Any CPU = Release|Any CPU
	EndGlobalSection
	GlobalSection(SolutionProperties) = preSolution
		HideSolutionNode = FALSE
	EndGlobalSection
	GlobalSection(ProjectConfigurationPlatforms) = postSolution
		{3E8162C6-C169-40FF-BD11-A1CAAE758A9F}.Debug|Any CPU.ActiveCfg = Debug|Any CPU
		{3E8162C6-C169-40FF-BD11-A1CAAE758A9F}.Debug|Any CPU.Build.0 = Debug|Any CPU
		{3E8162C6-C169-40FF-BD11-A1CAAE758A9F}.Release|Any CPU.ActiveCfg = Release|Any CPU
		{3E8162C6-C169-40FF-BD11-A1CAAE758A9F}.Release|Any CPU.Build.0 = Release|Any CPU
		{FE4C84EC-7B53-4587-A484-20C6B8E8702C}.Debug|Any CPU.ActiveCfg = Debug|Any CPU
		{FE4C84EC-7B53-4587-A484-20C6B8E8702C}.Debug|Any CPU.Build.0 = Debug|Any CPU
		{FE4C84EC-7B53-4587-A484-20C6B8E8702C}.Release|Any CPU.ActiveCfg = Release|Any CPU
		{FE4C84EC-7B53-4587-A484-20C6B8E8702C}.Release|Any CPU.Build.0 = Release|Any CPU
	EndGlobalSection
EndGlobal
